// !$*UTF8*$!
{
	archiveVersion = 1;
	classes = {
	};
	objectVersion = 50;
	objects = {

/* Begin PBXBuildFile section */
		9497BC2820D701F800CCC791 /* AppDelegate.swift in Sources */ = {isa = PBXBuildFile; fileRef = 9497BC2720D701F800CCC791 /* AppDelegate.swift */; };
		9497BC2A20D701F800CCC791 /* ViewController.swift in Sources */ = {isa = PBXBuildFile; fileRef = 9497BC2920D701F800CCC791 /* ViewController.swift */; };
		9497BC2D20D701F800CCC791 /* Main.storyboard in Resources */ = {isa = PBXBuildFile; fileRef = 9497BC2B20D701F800CCC791 /* Main.storyboard */; };
		9497BC2F20D701F900CCC791 /* Assets.xcassets in Resources */ = {isa = PBXBuildFile; fileRef = 9497BC2E20D701F900CCC791 /* Assets.xcassets */; };
		9497BC3220D701F900CCC791 /* LaunchScreen.storyboard in Resources */ = {isa = PBXBuildFile; fileRef = 9497BC3020D701F900CCC791 /* LaunchScreen.storyboard */; };
		9497BC4120D7029D00CCC791 /* OnboardKit.framework in Frameworks */ = {isa = PBXBuildFile; fileRef = 9497BC4020D7029D00CCC791 /* OnboardKit.framework */; };
/* End PBXBuildFile section */

/* Begin PBXFileReference section */
		9497BC2420D701F800CCC791 /* OnboardExample.app */ = {isa = PBXFileReference; explicitFileType = wrapper.application; includeInIndex = 0; path = OnboardExample.app; sourceTree = BUILT_PRODUCTS_DIR; };
		9497BC2720D701F800CCC791 /* AppDelegate.swift */ = {isa = PBXFileReference; lastKnownFileType = sourcecode.swift; path = AppDelegate.swift; sourceTree = "<group>"; };
		9497BC2920D701F800CCC791 /* ViewController.swift */ = {isa = PBXFileReference; lastKnownFileType = sourcecode.swift; path = ViewController.swift; sourceTree = "<group>"; };
		9497BC2C20D701F800CCC791 /* Base */ = {isa = PBXFileReference; lastKnownFileType = file.storyboard; name = Base; path = Base.lproj/Main.storyboard; sourceTree = "<group>"; };
		9497BC2E20D701F900CCC791 /* Assets.xcassets */ = {isa = PBXFileReference; lastKnownFileType = folder.assetcatalog; path = Assets.xcassets; sourceTree = "<group>"; };
		9497BC3120D701F900CCC791 /* Base */ = {isa = PBXFileReference; lastKnownFileType = file.storyboard; name = Base; path = Base.lproj/LaunchScreen.storyboard; sourceTree = "<group>"; };
		9497BC3320D701F900CCC791 /* Info.plist */ = {isa = PBXFileReference; lastKnownFileType = text.plist.xml; path = Info.plist; sourceTree = "<group>"; };
		9497BC4020D7029D00CCC791 /* OnboardKit.framework */ = {isa = PBXFileReference; explicitFileType = wrapper.framework; path = OnboardKit.framework; sourceTree = BUILT_PRODUCTS_DIR; };
/* End PBXFileReference section */

/* Begin PBXFrameworksBuildPhase section */
		9497BC2120D701F800CCC791 /* Frameworks */ = {
			isa = PBXFrameworksBuildPhase;
			buildActionMask = 2147483647;
			files = (
				9497BC4120D7029D00CCC791 /* OnboardKit.framework in Frameworks */,
			);
			runOnlyForDeploymentPostprocessing = 0;
		};
/* End PBXFrameworksBuildPhase section */

/* Begin PBXGroup section */
		9497BC1B20D701F800CCC791 = {
			isa = PBXGroup;
			children = (
				9497BC2620D701F800CCC791 /* OnboardExample */,
				9497BC2520D701F800CCC791 /* Products */,
				9497BC3F20D7029D00CCC791 /* Frameworks */,
			);
			sourceTree = "<group>";
		};
		9497BC2520D701F800CCC791 /* Products */ = {
			isa = PBXGroup;
			children = (
				9497BC2420D701F800CCC791 /* OnboardExample.app */,
			);
			name = Products;
			sourceTree = "<group>";
		};
		9497BC2620D701F800CCC791 /* OnboardExample */ = {
			isa = PBXGroup;
			children = (
				9497BC2720D701F800CCC791 /* AppDelegate.swift */,
				9497BC2920D701F800CCC791 /* ViewController.swift */,
				9497BC2B20D701F800CCC791 /* Main.storyboard */,
				9497BC2E20D701F900CCC791 /* Assets.xcassets */,
				9497BC3020D701F900CCC791 /* LaunchScreen.storyboard */,
				9497BC3320D701F900CCC791 /* Info.plist */,
			);
			path = OnboardExample;
			sourceTree = "<group>";
		};
		9497BC3F20D7029D00CCC791 /* Frameworks */ = {
			isa = PBXGroup;
			children = (
				9497BC4020D7029D00CCC791 /* OnboardKit.framework */,
			);
			name = Frameworks;
			sourceTree = "<group>";
		};
/* End PBXGroup section */

/* Begin PBXNativeTarget section */
		9497BC2320D701F800CCC791 /* OnboardExample */ = {
			isa = PBXNativeTarget;
			buildConfigurationList = 9497BC3620D701F900CCC791 /* Build configuration list for PBXNativeTarget "OnboardExample" */;
			buildPhases = (
				9497BC2020D701F800CCC791 /* Sources */,
				9497BC2120D701F800CCC791 /* Frameworks */,
				9497BC2220D701F800CCC791 /* Resources */,
			);
			buildRules = (
			);
			dependencies = (
			);
			name = OnboardExample;
			productName = OnboardExample;
			productReference = 9497BC2420D701F800CCC791 /* OnboardExample.app */;
			productType = "com.apple.product-type.application";
		};
/* End PBXNativeTarget section */

/* Begin PBXProject section */
		9497BC1C20D701F800CCC791 /* Project object */ = {
			isa = PBXProject;
			attributes = {
				LastSwiftUpdateCheck = 0940;
				LastUpgradeCheck = 0940;
				TargetAttributes = {
					9497BC2320D701F800CCC791 = {
						CreatedOnToolsVersion = 9.4;
						LastSwiftMigration = 1020;
					};
				};
			};
			buildConfigurationList = 9497BC1F20D701F800CCC791 /* Build configuration list for PBXProject "OnboardExample" */;
			compatibilityVersion = "Xcode 9.3";
			developmentRegion = en;
			hasScannedForEncodings = 0;
			knownRegions = (
				en,
				Base,
			);
			mainGroup = 9497BC1B20D701F800CCC791;
			productRefGroup = 9497BC2520D701F800CCC791 /* Products */;
			projectDirPath = "";
			projectRoot = "";
			targets = (
				9497BC2320D701F800CCC791 /* OnboardExample */,
			);
		};
/* End PBXProject section */

/* Begin PBXResourcesBuildPhase section */
		9497BC2220D701F800CCC791 /* Resources */ = {
			isa = PBXResourcesBuildPhase;
			buildActionMask = 2147483647;
			files = (
				9497BC3220D701F900CCC791 /* LaunchScreen.storyboard in Resources */,
				9497BC2F20D701F900CCC791 /* Assets.xcassets in Resources */,
				9497BC2D20D701F800CCC791 /* Main.storyboard in Resources */,
			);
			runOnlyForDeploymentPostprocessing = 0;
		};
/* End PBXResourcesBuildPhase section */

/* Begin PBXSourcesBuildPhase section */
		9497BC2020D701F800CCC791 /* Sources */ = {
			isa = PBXSourcesBuildPhase;
			buildActionMask = 2147483647;
			files = (
				9497BC2A20D701F800CCC791 /* ViewController.swift in Sources */,
				9497BC2820D701F800CCC791 /* AppDelegate.swift in Sources */,
			);
			runOnlyForDeploymentPostprocessing = 0;
		};
/* End PBXSourcesBuildPhase section */

/* Begin PBXVariantGroup section */
		9497BC2B20D701F800CCC791 /* Main.storyboard */ = {
			isa = PBXVariantGroup;
			children = (
				9497BC2C20D701F800CCC791 /* Base */,
			);
			name = Main.storyboard;
			sourceTree = "<group>";
		};
		9497BC3020D701F900CCC791 /* LaunchScreen.storyboard */ = {
			isa = PBXVariantGroup;
			children = (
				9497BC3120D701F900CCC791 /* Base */,
			);
			name = LaunchScreen.storyboard;
			sourceTree = "<group>";
		};
/* End PBXVariantGroup section */

/* Begin XCBuildConfiguration section */
		9497BC3420D701F900CCC791 /* Debug */ = {
			isa = XCBuildConfiguration;
			buildSettings = {
				ALWAYS_SEARCH_USER_PATHS = NO;
				CLANG_ANALYZER_NONNULL = YES;
				CLANG_ANALYZER_NUMBER_OBJECT_CONVERSION = YES_AGGRESSIVE;
				CLANG_CXX_LANGUAGE_STANDARD = "gnu++14";
				CLANG_CXX_LIBRARY = "libc++";
				CLANG_ENABLE_MODULES = YES;
				CLANG_ENABLE_OBJC_ARC = YES;
				CLANG_ENABLE_OBJC_WEAK = YES;
				CLANG_WARN_BLOCK_CAPTURE_AUTORELEASING = YES;
				CLANG_WARN_BOOL_CONVERSION = YES;
				CLANG_WARN_COMMA = YES;
				CLANG_WARN_CONSTANT_CONVERSION = YES;
				CLANG_WARN_DEPRECATED_OBJC_IMPLEMENTATIONS = YES;
				CLANG_WARN_DIRECT_OBJC_ISA_USAGE = YES_ERROR;
				CLANG_WARN_DOCUMENTATION_COMMENTS = YES;
				CLANG_WARN_EMPTY_BODY = YES;
				CLANG_WARN_ENUM_CONVERSION = YES;
				CLANG_WARN_INFINITE_RECURSION = YES;
				CLANG_WARN_INT_CONVERSION = YES;
				CLANG_WARN_NON_LITERAL_NULL_CONVERSION = YES;
				CLANG_WARN_OBJC_IMPLICIT_RETAIN_SELF = YES;
				CLANG_WARN_OBJC_LITERAL_CONVERSION = YES;
				CLANG_WARN_OBJC_ROOT_CLASS = YES_ERROR;
				CLANG_WARN_RANGE_LOOP_ANALYSIS = YES;
				CLANG_WARN_STRICT_PROTOTYPES = YES;
				CLANG_WARN_SUSPICIOUS_MOVE = YES;
				CLANG_WARN_UNGUARDED_AVAILABILITY = YES_AGGRESSIVE;
				CLANG_WARN_UNREACHABLE_CODE = YES;
				CLANG_WARN__DUPLICATE_METHOD_MATCH = YES;
				CODE_SIGN_IDENTITY = "iPhone Developer";
				COPY_PHASE_STRIP = NO;
				DEBUG_INFORMATION_FORMAT = dwarf;
				ENABLE_STRICT_OBJC_MSGSEND = YES;
				ENABLE_TESTABILITY = YES;
				GCC_C_LANGUAGE_STANDARD = gnu11;
				GCC_DYNAMIC_NO_PIC = NO;
				GCC_NO_COMMON_BLOCKS = YES;
				GCC_OPTIMIZATION_LEVEL = 0;
				GCC_PREPROCESSOR_DEFINITIONS = (
					"DEBUG=1",
					"$(inherited)",
				);
				GCC_WARN_64_TO_32_BIT_CONVERSION = YES;
				GCC_WARN_ABOUT_RETURN_TYPE = YES_ERROR;
				GCC_WARN_UNDECLARED_SELECTOR = YES;
				GCC_WARN_UNINITIALIZED_AUTOS = YES_AGGRESSIVE;
				GCC_WARN_UNUSED_FUNCTION = YES;
				GCC_WARN_UNUSED_VARIABLE = YES;
				IPHONEOS_DEPLOYMENT_TARGET = 11.4;
				MTL_ENABLE_DEBUG_INFO = YES;
				ONLY_ACTIVE_ARCH = YES;
				SDKROOT = iphoneos;
				SWIFT_ACTIVE_COMPILATION_CONDITIONS = DEBUG;
				SWIFT_OPTIMIZATION_LEVEL = "-Onone";
			};
			name = Debug;
		};
		9497BC3520D701F900CCC791 /* Release */ = {
			isa = XCBuildConfiguration;
			buildSettings = {
				ALWAYS_SEARCH_USER_PATHS = NO;
				CLANG_ANALYZER_NONNULL = YES;
				CLANG_ANALYZER_NUMBER_OBJECT_CONVERSION = YES_AGGRESSIVE;
				CLANG_CXX_LANGUAGE_STANDARD = "gnu++14";
				CLANG_CXX_LIBRARY = "libc++";
				CLANG_ENABLE_MODULES = YES;
				CLANG_ENABLE_OBJC_ARC = YES;
				CLANG_ENABLE_OBJC_WEAK = YES;
				CLANG_WARN_BLOCK_CAPTURE_AUTORELEASING = YES;
				CLANG_WARN_BOOL_CONVERSION = YES;
				CLANG_WARN_COMMA = YES;
				CLANG_WARN_CONSTANT_CONVERSION = YES;
				CLANG_WARN_DEPRECATED_OBJC_IMPLEMENTATIONS = YES;
				CLANG_WARN_DIRECT_OBJC_ISA_USAGE = YES_ERROR;
				CLANG_WARN_DOCUMENTATION_COMMENTS = YES;
				CLANG_WARN_EMPTY_BODY = YES;
				CLANG_WARN_ENUM_CONVERSION = YES;
				CLANG_WARN_INFINITE_RECURSION = YES;
				CLANG_WARN_INT_CONVERSION = YES;
				CLANG_WARN_NON_LITERAL_NULL_CONVERSION = YES;
				CLANG_WARN_OBJC_IMPLICIT_RETAIN_SELF = YES;
				CLANG_WARN_OBJC_LITERAL_CONVERSION = YES;
				CLANG_WARN_OBJC_ROOT_CLASS = YES_ERROR;
				CLANG_WARN_RANGE_LOOP_ANALYSIS = YES;
				CLANG_WARN_STRICT_PROTOTYPES = YES;
				CLANG_WARN_SUSPICIOUS_MOVE = YES;
				CLANG_WARN_UNGUARDED_AVAILABILITY = YES_AGGRESSIVE;
				CLANG_WARN_UNREACHABLE_CODE = YES;
				CLANG_WARN__DUPLICATE_METHOD_MATCH = YES;
				CODE_SIGN_IDENTITY = "iPhone Developer";
				COPY_PHASE_STRIP = NO;
				DEBUG_INFORMATION_FORMAT = "dwarf-with-dsym";
				ENABLE_NS_ASSERTIONS = NO;
				ENABLE_STRICT_OBJC_MSGSEND = YES;
				GCC_C_LANGUAGE_STANDARD = gnu11;
				GCC_NO_COMMON_BLOCKS = YES;
				GCC_WARN_64_TO_32_BIT_CONVERSION = YES;
				GCC_WARN_ABOUT_RETURN_TYPE = YES_ERROR;
				GCC_WARN_UNDECLARED_SELECTOR = YES;
				GCC_WARN_UNINITIALIZED_AUTOS = YES_AGGRESSIVE;
				GCC_WARN_UNUSED_FUNCTION = YES;
				GCC_WARN_UNUSED_VARIABLE = YES;
				IPHONEOS_DEPLOYMENT_TARGET = 11.4;
				MTL_ENABLE_DEBUG_INFO = NO;
				SDKROOT = iphoneos;
				SWIFT_COMPILATION_MODE = wholemodule;
				SWIFT_OPTIMIZATION_LEVEL = "-O";
				VALIDATE_PRODUCT = YES;
			};
			name = Release;
		};
		9497BC3720D701F900CCC791 /* Debug */ = {
			isa = XCBuildConfiguration;
			buildSettings = {
				ASSETCATALOG_COMPILER_APPICON_NAME = AppIcon;
				CODE_SIGN_STYLE = Manual;
				DEVELOPMENT_TEAM = "";
				INFOPLIST_FILE = OnboardExample/Info.plist;
				LD_RUNPATH_SEARCH_PATHS = (
					"$(inherited)",
					"@executable_path/Frameworks",
				);
				PRODUCT_BUNDLE_IDENTIFIER = com.onboardkit.OnboardExample;
				PRODUCT_NAME = "$(TARGET_NAME)";
				PROVISIONING_PROFILE_SPECIFIER = "";
				SWIFT_VERSION = 5.0;
				TARGETED_DEVICE_FAMILY = "1,2";
			};
			name = Debug;
		};
		9497BC3820D701F900CCC791 /* Release */ = {
			isa = XCBuildConfiguration;
			buildSettings = {
				ASSETCATALOG_COMPILER_APPICON_NAME = AppIcon;
				CODE_SIGN_STYLE = Manual;
				DEVELOPMENT_TEAM = "";
				INFOPLIST_FILE = OnboardExample/Info.plist;
				LD_RUNPATH_SEARCH_PATHS = (
					"$(inherited)",
					"@executable_path/Frameworks",
				);
				PRODUCT_BUNDLE_IDENTIFIER = com.onboardkit.OnboardExample;
				PRODUCT_NAME = "$(TARGET_NAME)";
				PROVISIONING_PROFILE_SPECIFIER = "";
				SWIFT_VERSION = 5.0;
				TARGETED_DEVICE_FAMILY = "1,2";
			};
			name = Release;
		};
/* End XCBuildConfiguration section */

/* Begin XCConfigurationList section */
		9497BC1F20D701F800CCC791 /* Build configuration list for PBXProject "OnboardExample" */ = {
			isa = XCConfigurationList;
			buildConfigurations = (
				9497BC3420D701F900CCC791 /* Debug */,
				9497BC3520D701F900CCC791 /* Release */,
			);
			defaultConfigurationIsVisible = 0;
			defaultConfigurationName = Release;
		};
		9497BC3620D701F900CCC791 /* Build configuration list for PBXNativeTarget "OnboardExample" */ = {
			isa = XCConfigurationList;
			buildConfigurations = (
				9497BC3720D701F900CCC791 /* Debug */,
				9497BC3820D701F900CCC791 /* Release */,
			);
			defaultConfigurationIsVisible = 0;
			defaultConfigurationName = Release;
		};
/* End XCConfigurationList section */
	};
	rootObject = 9497BC1C20D701F800CCC791 /* Project object */;
}
